Microsoft Visual Studio Solution File, Format Version 12.00
# Visual Studio Version 16
VisualStudioVersion = 16.0.0.0
MinimumVisualStudioVersion = 16.0.0.0
Project("{9A19103F-16F7-4668-BE54-9A1E7A4F7556}") = "BeerMap.Server", "Server\BeerMap.Server.csproj", "{0D419976-91CB-4418-90F7-42307D070FBE}"
EndProject
Project("{9A19103F-16F7-4668-BE54-9A1E7A4F7556}") = "BeerMap.Client", "Client\BeerMap.Client.csproj", "{82912CAD-DF3D-44F2-9746-510970D49CE0}"
EndProject
Project("{9A19103F-16F7-4668-BE54-9A1E7A4F7556}") = "BeerMap.Shared", "Shared\BeerMap.Shared.csproj", "{D7144F34-AFB1-4C92-B938-2BBB74817766}"
EndProject
Global
	GlobalSection(SolutionConfigurationPlatforms) = preSolution
		Debug|Any CPU = Debug|Any CPU
		Debug|x64 = Debug|x64
		Debug|x86 = Debug|x86
		Release|Any CPU = Release|Any CPU
		Release|x64 = Release|x64
		Release|x86 = Release|x86
	EndGlobalSection
	GlobalSection(ProjectConfigurationPlatforms) = postSolution
		{0D419976-91CB-4418-90F7-42307D070FBE}.Debug|Any CPU.ActiveCfg = Debug|Any CPU
		{0D419976-91CB-4418-90F7-42307D070FBE}.Debug|Any CPU.Build.0 = Debug|Any CPU
		{0D419976-91CB-4418-90F7-42307D070FBE}.Debug|x64.ActiveCfg = Debug|Any CPU
		{0D419976-91CB-4418-90F7-42307D070FBE}.Debug|x64.Build.0 = Debug|Any CPU
		{0D419976-91CB-4418-90F7-42307D070FBE}.Debug|x86.ActiveCfg = Debug|Any CPU
		{0D419976-91CB-4418-90F7-42307D070FBE}.Debug|x86.Build.0 = Debug|Any CPU
		{0D419976-91CB-4418-90F7-42307D070FBE}.Release|Any CPU.ActiveCfg = Release|Any CPU
		{0D419976-91CB-4418-90F7-42307D070FBE}.Release|Any CPU.Build.0 = Release|Any CPU
		{0D419976-91CB-4418-90F7-42307D070FBE}.Release|x64.ActiveCfg = Release|Any CPU
		{0D419976-91CB-4418-90F7-42307D070FBE}.Release|x64.Build.0 = Release|Any CPU
		{0D419976-91CB-4418-90F7-42307D070FBE}.Release|x86.ActiveCfg = Release|Any CPU
		{0D419976-91CB-4418-90F7-42307D070FBE}.Release|x86.Build.0 = Release|Any CPU
		{82912CAD-DF3D-44F2-9746-510970D49CE0}.Debug|Any CPU.ActiveCfg = Debug|Any CPU
		{82912CAD-DF3D-44F2-9746-510970D49CE0}.Debug|Any CPU.Build.0 = Debug|Any CPU
		{82912CAD-DF3D-44F2-9746-510970D49CE0}.Debug|x64.ActiveCfg = Debug|Any CPU
		{82912CAD-DF3D-44F2-9746-510970D49CE0}.Debug|x64.Build.0 = Debug|Any CPU
		{82912CAD-DF3D-44F2-9746-510970D49CE0}.Debug|x86.ActiveCfg = Debug|Any CPU
		{82912CAD-DF3D-44F2-9746-510970D49CE0}.Debug|x86.Build.0 = Debug|Any CPU
		{82912CAD-DF3D-44F2-9746-510970D49CE0}.Release|Any CPU.ActiveCfg = Release|Any CPU
		{82912CAD-DF3D-44F2-9746-510970D49CE0}.Release|Any CPU.Build.0 = Release|Any CPU
		{82912CAD-DF3D-44F2-9746-510970D49CE0}.Release|x64.ActiveCfg = Release|Any CPU
		{82912CAD-DF3D-44F2-9746-510970D49CE0}.Release|x64.Build.0 = Release|Any CPU
		{82912CAD-DF3D-44F2-9746-510970D49CE0}.Release|x86.ActiveCfg = Release|Any CPU
		{82912CAD-DF3D-44F2-9746-510970D49CE0}.Release|x86.Build.0 = Release|Any CPU
		{D7144F34-AFB1-4C92-B938-2BBB74817766}.Debug|Any CPU.ActiveCfg = Debug|Any CPU
		{D7144F34-AFB1-4C92-B938-2BBB74817766}.Debug|Any CPU.Build.0 = Debug|Any CPU
		{D7144F34-AFB1-4C92-B938-2BBB74817766}.Debug|x64.ActiveCfg = Debug|Any CPU
		{D7144F34-AFB1-4C92-B938-2BBB74817766}.Debug|x64.Build.0 = Debug|Any CPU
		{D7144F34-AFB1-4C92-B938-2BBB74817766}.Debug|x86.ActiveCfg = Debug|Any CPU
		{D7144F34-AFB1-4C92-B938-2BBB74817766}.Debug|x86.Build.0 = Debug|Any CPU
		{D7144F34-AFB1-4C92-B938-2BBB74817766}.Release|Any CPU.ActiveCfg = Release|Any CPU
		{D7144F34-AFB1-4C92-B938-2BBB74817766}.Release|Any CPU.Build.0 = Release|Any CPU
		{D7144F34-AFB1-4C92-B938-2BBB74817766}.Release|x64.ActiveCfg = Release|Any CPU
		{D7144F34-AFB1-4C92-B938-2BBB74817766}.Release|x64.Build.0 = Release|Any CPU
		{D7144F34-AFB1-4C92-B938-2BBB74817766}.Release|x86.ActiveCfg = Release|Any CPU
		{D7144F34-AFB1-4C92-B938-2BBB74817766}.Release|x86.Build.0 = Release|Any CPU
	EndGlobalSection
	GlobalSection(SolutionProperties) = preSolution
		HideSolutionNode = FALSE
	EndGlobalSection
	GlobalSection(ExtensibilityGlobals) = postSolution
		SolutionGuid = {5E2132CD-DFEB-41CE-86AB-636F3F30A2A2}
	EndGlobalSection
EndGlobal
